#MicroXplorer Configuration settings - do not modify
Mcu.Family=STM32F7
ProjectManager.MainLocation=Core/Src
RCC.USART1Freq_Value=108000000
RCC.SAI1Freq_Value=192000000
RCC.CortexFreq_Value=216000000
ProjectManager.KeepUserCode=true
Mcu.UserName=STM32F746VGTx
LWIP.LWIP_HTTPD_DYNAMIC_HEADERS=1
RCC.PLLCLKFreq_Value=216000000
RCC.PLLQCLKFreq_Value=216000000
LWIP.LWIP_HTTPD_SSI=1
ProjectManager.functionlistsort=1-MX_GPIO_Init-GPIO-false-HAL-true,2-SystemClock_Config-RCC-false-HAL-false,3-MX_ADC1_Init-ADC1-false-HAL-true,4-MX_UART8_Init-UART8-false-HAL-true,5-MX_USART1_UART_Init-USART1-false-HAL-true,6-MX_LWIP_Init-LWIP-false-HAL-false,0-MX_CORTEX_M7_Init-CORTEX_M7-false-HAL-true
PA9.GPIOParameters=GPIO_Label
PA11.GPIOParameters=GPIO_Label
PA3.GPIOParameters=GPIO_Label
PA0/WKUP.Signal=ADCx_IN0
PA6.GPIO_Label=IN01
RCC.PLLI2SRCLKFreq_Value=192000000
RCC.USART2Freq_Value=54000000
PC5.Mode=RMII
USART1.IPParameters=VirtualMode-Asynchronous
PB11.Signal=ETH_TX_EN
PB13.Signal=ETH_TXD1
PinOutPanel.RotationAngle=0
RCC.SYSCLKSource=RCC_SYSCLKSOURCE_PLLCLK
ProjectManager.StackSize=0x400
VP_FREERTOS_VS_CMSIS_V2.Mode=CMSIS_V2
LWIP.LWIP_HTTPD=1
RCC.I2C3Freq_Value=54000000
RCC.LPTIM1Freq_Value=54000000
Mcu.IP4=LWIP
Mcu.IP5=NVIC
RCC.FCLKCortexFreq_Value=216000000
Mcu.IP2=ETH
NVIC.SVCall_IRQn=true\:0\:0\:false\:false\:false\:false\:false\:false
Mcu.IP3=FREERTOS
Mcu.IP0=ADC1
Mcu.IP1=CORTEX_M7
Mcu.UserConstants=
RCC.SDMMCFreq_Value=216000000
LWIP.IPParameters=LWIP_HTTPD,LWIP_HTTPD_CGI,LWIP_HTTPD_SSI,LWIP_HTTPD_DYNAMIC_HEADERS,TCPIP_THREAD_STACKSIZE
Mcu.ThirdPartyNb=0
PH0/OSC_IN.Mode=HSE-External-Oscillator
RCC.HCLKFreq_Value=216000000
RCC.I2C4Freq_Value=54000000
Mcu.IPNb=10
RCC.PLLI2SRoutputFreq_Value=192000000
ProjectManager.PreviousToolchain=STM32CubeIDE
RCC.APB2TimFreq_Value=216000000
RCC.SPDIFRXFreq_Value=192000000
PH1/OSC_OUT.Signal=RCC_OSC_OUT
PA8.GPIOParameters=GPIO_Label
Mcu.Pin6=PA1
RCC.SAI2Freq_Value=192000000
Mcu.Pin7=PA2
Mcu.Pin8=PA3
Mcu.Pin9=PA6
RCC.VCOSAIOutputFreq_Value=384000000
FREERTOS.IPParameters=Tasks01,FootprintOK
PE1.Signal=UART8_TX
RCC.AHBFreq_Value=216000000
PE3.PinState=GPIO_PIN_RESET
Mcu.Pin0=PE2
Mcu.Pin1=PE3
NVIC.ETH_IRQn=true\:5\:0\:false\:false\:true\:true\:false\:true
GPIO.groupedBy=Group By Peripherals
Mcu.Pin2=PH0/OSC_IN
Mcu.Pin3=PH1/OSC_OUT
RCC.USART3Freq_Value=54000000
Mcu.Pin4=PC1
Mcu.Pin5=PA0/WKUP
RCC.PLLSAIRCLKFreq_Value=192000000
ProjectManager.ProjectBuild=false
RCC.HSE_VALUE=12000000
NVIC.UsageFault_IRQn=true\:0\:0\:false\:false\:true\:false\:false\:false
NVIC.DebugMonitor_IRQn=true\:0\:0\:false\:false\:true\:false\:false\:false
PA8.Locked=true
NVIC.SysTick_IRQn=true\:15\:0\:false\:false\:false\:true\:false\:true
ProjectManager.FirmwarePackage=STM32Cube FW_F7 V1.16.1
ADC1.SamplingTime-4\#ChannelRegularConversion=ADC_SAMPLETIME_3CYCLES
MxDb.Version=DB.6.0.21
ProjectManager.BackupPrevious=false
RCC.VCOInputFreq_Value=2000000
VP_SYS_VS_tim1.Mode=TIM1
File.Version=6
PA10.GPIO_Label=DRB_USART1_RX
PE3.GPIOParameters=PinState,GPIO_PuPd,GPIO_Label
PE2.Signal=GPIO_Output
PE3.Locked=true
PA8.Signal=GPIO_Input
SH.ADCx_IN0.0=ADC1_IN0,IN0
NVIC.PendSV_IRQn=true\:15\:0\:false\:false\:false\:true\:false\:false
LWIP.LWIP_HTTPD_CGI=1
PH1/OSC_OUT.Mode=HSE-External-Oscillator
ProjectManager.HalAssertFull=false
ProjectManager.ProjectName=ETHCTRLBLINDS
RCC.MCO2PinFreq_Value=216000000
Mcu.Package=LQFP100
PA6.Signal=GPIO_Input
PB12.Mode=RMII
NVIC.TimeBase=TIM1_UP_TIM10_IRQn
ProjectManager.ToolChainLocation=
RCC.LSI_VALUE=32000
NVIC.TimeBaseIP=TIM1
PA10.Signal=USART1_RX
FREERTOS.FootprintOK=true
RCC.APB2CLKDivider=RCC_HCLK_DIV2
RCC.CECFreq_Value=32786.88524590164
RCC.APB1TimFreq_Value=108000000
NVIC.BusFault_IRQn=true\:0\:0\:false\:false\:true\:false\:false\:false
PC5.Signal=ETH_RXD1
PB13.Mode=RMII
PE2.GPIO_Label=LED_YELLOW
ProjectManager.CustomerFirmwarePackage=
PC4.Mode=RMII
VP_LWIP_VS_Enabled.Signal=LWIP_VS_Enabled
ADC1.Rank-4\#ChannelRegularConversion=1
RCC.PLLSAIQCLKFreq_Value=192000000
PA3.Signal=GPIO_Output
PA6.GPIOParameters=GPIO_Label
ETH.AutoNegotiation=ETH_AUTONEGOTIATION_DISABLE
RCC.I2SFreq_Value=192000000
PA0/WKUP.GPIOParameters=GPIO_Label
RCC.PLLQoutputFreq_Value=216000000
ProjectManager.ProjectFileName=ETHCTRLBLINDS.ioc
FREERTOS.Tasks01=defaultTask,24,128,StartDefaultTask,Default,NULL,Dynamic,NULL,NULL;mqttTask,31,512,StartmqttTask,As weak,NULL,Dynamic,NULL,NULL
PA7.Mode=RMII
RCC.UART7Freq_Value=54000000
ADC1.Channel-4\#ChannelRegularConversion=ADC_CHANNEL_0
PA10.Mode=Asynchronous
Mcu.PinsNb=25
ProjectManager.NoMain=false
PE2.PinState=GPIO_PIN_SET
ADC1.IPParameters=Rank-4\#ChannelRegularConversion,master,Channel-4\#ChannelRegularConversion,SamplingTime-4\#ChannelRegularConversion,NbrOfConversionFlag
NVIC.SavedSvcallIrqHandlerGenerated=true
PA9.GPIO_Label=DRB_USART1_TX
PE1.Mode=Asynchronous
PC4.Signal=ETH_RXD0
PA11.GPIO_Label=IN03
ProjectManager.DefaultFWLocation=true
ProjectManager.DeletePrevious=true
RCC.UART8Freq_Value=54000000
RCC.APB1CLKDivider=RCC_HCLK_DIV4
RCC.LCDTFToutputFreq_Value=96000000
RCC.FamilyName=M
VP_LWIP_VS_Enabled.Mode=Enabled
ETH.IPParameters=MediaInterface,PHY_Name_RMII,AutoNegotiation,DuplexMode
USART1.VirtualMode-Asynchronous=VM_ASYNC
PA11.Locked=true
PA9.Mode=Asynchronous
PA8.GPIO_Label=IN02
ETH.PHY_Name_RMII=LAN8742A_PHY_ADDRESS
PB11.Mode=RMII
ProjectManager.TargetToolchain=STM32CubeIDE
RCC.USART6Freq_Value=108000000
LWIP.TCPIP_THREAD_STACKSIZE=2048
PA9.Signal=USART1_TX
ETH.DuplexMode=ETH_MODE_FULLDUPLEX
PE2.GPIOParameters=PinState,GPIO_Label
ProjectManager.RegisterCallBack=
RCC.USBFreq_Value=216000000
RCC.PLLSAIoutputFreq_Value=192000000
RCC.LSE_VALUE=32768
PA1.Signal=ETH_REF_CLK
RCC.VCOI2SOutputFreq_Value=384000000
RCC.PLLSAIPCLKFreq_Value=192000000
board=custom
RCC.VCOOutputFreq_Value=432000000
ProjectManager.LastFirmware=true
PH0/OSC_IN.Signal=RCC_OSC_IN
NVIC.SavedSystickIrqHandlerGenerated=true
RCC.APB2Freq_Value=108000000
PA1.Mode=RMII
RCC.UART4Freq_Value=54000000
MxCube.Version=6.2.1
RCC.I2C1Freq_Value=54000000
VP_SYS_VS_tim1.Signal=SYS_VS_tim1
RCC.PLLI2SPCLKFreq_Value=192000000
SH.ADCx_IN0.ConfNb=1
RCC.RNGFreq_Value=216000000
PA10.GPIOParameters=GPIO_Label
RCC.EthernetFreq_Value=216000000
PE3.GPIO_PuPd=GPIO_NOPULL
PA0/WKUP.GPIO_Label=Current_Meas
NVIC.NonMaskableInt_IRQn=true\:0\:0\:false\:false\:true\:false\:false\:false
RCC.UART5Freq_Value=54000000
ProjectManager.FreePins=false
RCC.IPParameters=AHBFreq_Value,APB1CLKDivider,APB1Freq_Value,APB1TimFreq_Value,APB2CLKDivider,APB2Freq_Value,APB2TimFreq_Value,CECFreq_Value,CortexFreq_Value,EthernetFreq_Value,FCLKCortexFreq_Value,FamilyName,HCLKFreq_Value,HSE_VALUE,HSI_VALUE,I2C1Freq_Value,I2C2Freq_Value,I2C3Freq_Value,I2C4Freq_Value,I2SFreq_Value,LCDTFToutputFreq_Value,LPTIM1Freq_Value,LSE_VALUE,LSI_VALUE,MCO2PinFreq_Value,PLLCLKFreq_Value,PLLI2SPCLKFreq_Value,PLLI2SQCLKFreq_Value,PLLI2SRCLKFreq_Value,PLLI2SRoutputFreq_Value,PLLM,PLLN,PLLQCLKFreq_Value,PLLQoutputFreq_Value,PLLSAIPCLKFreq_Value,PLLSAIQCLKFreq_Value,PLLSAIRCLKFreq_Value,PLLSAIoutputFreq_Value,RNGFreq_Value,SAI1Freq_Value,SAI2Freq_Value,SDMMCFreq_Value,SPDIFRXFreq_Value,SYSCLKFreq_VALUE,SYSCLKSource,UART4Freq_Value,UART5Freq_Value,UART7Freq_Value,UART8Freq_Value,USART1Freq_Value,USART2Freq_Value,USART3Freq_Value,USART6Freq_Value,USBFreq_Value,VCOI2SOutputFreq_Value,VCOInputFreq_Value,VCOOutputFreq_Value,VCOSAIOutputFreq_Value
ProjectManager.AskForMigrate=true
Mcu.Name=STM32F746VGTx
PE0.Signal=UART8_RX
RCC.PLLI2SQCLKFreq_Value=192000000
NVIC.SavedPendsvIrqHandlerGenerated=true
PA2.Signal=ETH_MDIO
Mcu.Pin24=VP_SYS_VS_tim1
ProjectManager.UnderRoot=true
Mcu.IP8=UART8
VP_FREERTOS_VS_CMSIS_V2.Signal=FREERTOS_VS_CMSIS_V2
Mcu.IP9=USART1
Mcu.IP6=RCC
Mcu.IP7=SYS
ProjectManager.CoupleFile=false
RCC.SYSCLKFreq_VALUE=216000000
Mcu.Pin22=VP_FREERTOS_VS_CMSIS_V2
ETH.MediaInterface=ETH_MEDIA_INTERFACE_RMII
Mcu.Pin23=VP_LWIP_VS_Enabled
Mcu.Pin20=PE0
ADC1.master=1
Mcu.Pin21=PE1
PA3.Locked=true
NVIC.ForceEnableDMAVector=true
KeepUserPlacement=false
NVIC.MemoryManagement_IRQn=true\:0\:0\:false\:false\:true\:false\:false\:false
ProjectManager.CompilerOptimize=6
PA11.Signal=GPIO_Input
ProjectManager.HeapSize=0x200
Mcu.Pin15=PB13
NVIC.HardFault_IRQn=true\:0\:0\:false\:false\:true\:false\:false\:false
Mcu.Pin16=PA8
LWIP.Version=v2.1.2_Cube
Mcu.Pin13=PB11
Mcu.Pin14=PB12
Mcu.Pin19=PA11
NVIC.TIM1_UP_TIM10_IRQn=true\:0\:0\:false\:false\:true\:false\:false\:true
ProjectManager.ComputerToolchain=false
Mcu.Pin17=PA9
RCC.HSI_VALUE=16000000
Mcu.Pin18=PA10
NVIC.PriorityGroup=NVIC_PRIORITYGROUP_4
ADC1.NbrOfConversionFlag=1
Mcu.Pin11=PC4
Mcu.Pin12=PC5
RCC.PLLM=8
RCC.PLLN=216
Mcu.Pin10=PA7
PE2.Locked=true
PE3.Signal=GPIO_Output
PA2.Mode=RMII
PE3.GPIO_Label=LED_RED
RCC.I2C2Freq_Value=54000000
RCC.APB1Freq_Value=54000000
ProjectManager.DeviceId=STM32F746VGTx
PC1.Signal=ETH_MDC
PB12.Signal=ETH_TXD0
PE0.Mode=Asynchronous
ProjectManager.LibraryCopy=1
PC1.Mode=RMII
PA3.GPIO_Label=DRB_USART1_DIR
PA7.Signal=ETH_CRS_DV
PA6.Locked=true
isbadioc=false
