#MicroXplorer Configuration settings - do not modify
LWIP.LWIP_MULTICAST_TX_OPTIONS=1
PD12.GPIO_Label=IN11
PC7.GPIOParameters=GPIO_PuPd,GPIO_Label
RCC.USART1Freq_Value=108000000
PD3.PinState=GPIO_PIN_RESET
PE11.GPIOParameters=GPIO_PuPd,GPIO_Label
PB10.GPIO_PuPd=GPIO_PULLDOWN
LWIP.LWIP_HTTPD_DYNAMIC_HEADERS=1
PC12.Locked=true
RCC.PLLCLKFreq_Value=216000000
PC12.Signal=GPIO_Output
RCC.PLLQCLKFreq_Value=216000000
PE8.GPIO_PuPd=GPIO_PULLDOWN
PC7.Locked=true
LWIP.LWIP_HTTPD_SSI=1
PD3.GPIOParameters=GPIO_Speed,PinState,GPIO_PuPd,GPIO_Label,GPIO_ModeDefaultOutputPP
LWIP.LWIP_HTTPD_MAX_CGI_PARAMETERS=20
PB9.GPIO_ModeDefaultOutputPP=GPIO_MODE_OUTPUT_PP
PC6.GPIO_Label=IN15
PA3.GPIOParameters=GPIO_Label
PE10.GPIO_PuPd=GPIO_PULLDOWN
PB6.GPIO_Label=OUT07DOWN
PD0.Locked=true
PD4.Locked=true
PD2.GPIOParameters=GPIO_Speed,PinState,GPIO_PuPd,GPIO_Label,GPIO_ModeDefaultOutputPP
PC5.Mode=RMII
USART1.IPParameters=VirtualMode-Asynchronous
PB13.Signal=ETH_TXD1
PD3.GPIO_Speed=GPIO_SPEED_FREQ_LOW
PD6.GPIO_Label=OUT05DOWN
PinOutPanel.RotationAngle=0
RCC.SYSCLKSource=RCC_SYSCLKSOURCE_PLLCLK
LWIP.LWIP_HTTPD=1
RCC.LPTIM1Freq_Value=54000000
NVIC.SVCall_IRQn=true\:0\:0\:false\:false\:false\:false\:false\:false
PD15.GPIOParameters=GPIO_PuPd,GPIO_Label
LWIP.MEMP_OVERFLOW_CHECK=2
PD7.GPIO_PuPd=GPIO_NOPULL
LWIP.IPParameters=LWIP_HTTPD,LWIP_HTTPD_CGI,LWIP_HTTPD_SSI,LWIP_HTTPD_DYNAMIC_HEADERS,TCPIP_THREAD_STACKSIZE,MEMP_NUM_SYS_TIMEOUT,MEM_SIZE,MEMP_OVERFLOW_CHECK,MEM_OVERFLOW_CHECK,CMSIS_VERSION-Enabled,SLIPIF_THREAD_STACKSIZE,DEFAULT_THREAD_STACKSIZE,LWIP_AUTOIP,LWIP_DHCP_AUTOIP_COOP,LWIP_DHCP_AUTOIP_COOP_TRIES,LWIP_MULTICAST_TX_OPTIONS,LWIP_IGMP,LWIP_MDNS,LWIP_SINGLE_NETIF,LWIP_NETIF_HOSTNAME,MEMP_SANITY_CHECK,MEM_SANITY_CHECK,LWIP_TCPIP_TIMEOUT,LWIP_NETIF_STATUS_CALLBACK,LWIP_DNS,LWIP_TCPIP_CORE_LOCKING,LWIP_TCPIP_CORE_LOCKING_INPUT,MEMP_NUM_PBUF,PBUF_POOL_SIZE,MEMP_NUM_TCP_SEG,PBUF_POOL_BUFSIZE,MEMP_NUM_UDP_PCB,MEMP_NUM_TCP_PCB,TCPIP_THREAD_PRIO,LWIP_ALLOW_MEM_FREE_FROM_OTHER_CONTEXT,LWIP_HTTPD_MAX_CGI_PARAMETERS,HTTPD_USE_MEM_POOL,LWIP_HTTPD_ABORT_ON_CLOSE_MEM_ERROR,LWIP_HTTPD_KILL_OLD_ON_CONNECTIONS_EXCEEDED,LWIP_HTTPD_MAX_TAG_NAME_LEN
RCC.I2C4Freq_Value=54000000
PD4.Signal=GPIO_Output
LWIP.LWIP_HTTPD_KILL_OLD_ON_CONNECTIONS_EXCEEDED=1
RCC.APB2TimFreq_Value=216000000
PB6.Signal=GPIO_Output
LWIP.LWIP_IGMP=1
PC7.Signal=GPIO_Input
PH1/OSC_OUT.Signal=RCC_OSC_OUT
PD0.Signal=GPIO_Output
RCC.SAI2Freq_Value=192000000
PE10.Locked=true
PE1.Signal=UART8_TX
FREERTOS.configMINIMAL_STACK_SIZE=128
PE14.Locked=true
RCC.USART3Freq_Value=54000000
RCC.PLLSAIRCLKFreq_Value=192000000
ProjectManager.ProjectBuild=false
LWIP.MEMP_NUM_SYS_TIMEOUT=12
NVIC.UsageFault_IRQn=true\:0\:0\:false\:false\:true\:false\:false\:false
PD1.GPIOParameters=GPIO_Speed,PinState,GPIO_PuPd,GPIO_Label,GPIO_ModeDefaultOutputPP
PD1.GPIO_Label=OUT02UP
ProjectManager.FirmwarePackage=STM32Cube FW_F7 V1.16.1
MxDb.Version=DB.6.0.21
PE15.Locked=true
LWIP.MEM_SIZE=61440
ProjectManager.BackupPrevious=false
PE9.Signal=GPIO_Input
PD1.GPIO_Speed=GPIO_SPEED_FREQ_LOW
PE9.Locked=true
FREERTOS.HEAP_NUMBER=3
PB8.PinState=GPIO_PIN_RESET
PC11.GPIO_Speed=GPIO_SPEED_FREQ_LOW
PD4.GPIO_ModeDefaultOutputPP=GPIO_MODE_OUTPUT_PP
PE2.Signal=GPIO_Output
PD14.GPIO_PuPd=GPIO_PULLDOWN
PB6.Locked=true
NVIC.PendSV_IRQn=true\:15\:0\:false\:false\:false\:true\:false\:false
PE10.Signal=GPIO_Input
ProjectManager.HalAssertFull=false
PB7.PinState=GPIO_PIN_RESET
RCC.MCO2PinFreq_Value=216000000
PC8.GPIOParameters=GPIO_PuPd,GPIO_Label
LWIP.LWIP_ALLOW_MEM_FREE_FROM_OTHER_CONTEXT=1
LWIP.TCPIP_THREAD_PRIO=49
Mcu.Package=LQFP100
PB9.Signal=GPIO_Output
PD0.GPIO_ModeDefaultOutputPP=GPIO_MODE_OUTPUT_PP
NVIC.TimeBase=TIM1_UP_TIM10_IRQn
PE10.GPIOParameters=GPIO_PuPd,GPIO_Label
PD12.Signal=GPIO_Input
PD5.GPIOParameters=GPIO_Speed,PinState,GPIO_PuPd,GPIO_Label,GPIO_ModeDefaultOutputPP
PB6.GPIO_ModeDefaultOutputPP=GPIO_MODE_OUTPUT_PP
LWIP.HTTPD_USE_MEM_POOL=0
NVIC.TimeBaseIP=TIM1
PA10.Signal=USART1_RX
PB9.GPIO_PuPd=GPIO_NOPULL
FREERTOS.FootprintOK=true
PE12.GPIO_Label=IN06
PC6.GPIO_PuPd=GPIO_PULLDOWN
PB5.GPIO_Speed=GPIO_SPEED_FREQ_LOW
FREERTOS.INCLUDE_vTaskPrioritySet=1
RCC.APB2CLKDivider=RCC_HCLK_DIV2
RCC.CECFreq_Value=32786.88524590164
RCC.APB1TimFreq_Value=108000000
FREERTOS.configGENERATE_RUN_TIME_STATS=1
NVIC.BusFault_IRQn=true\:0\:0\:false\:false\:true\:false\:false\:false
PD5.GPIO_Speed=GPIO_SPEED_FREQ_LOW
PB13.Mode=RMII
PB10.GPIOParameters=GPIO_PuPd,GPIO_Label
PC12.GPIO_PuPd=GPIO_NOPULL
PD3.GPIO_PuPd=GPIO_NOPULL
PE10.GPIO_Label=IN04
PD5.Locked=true
PD6.GPIO_ModeDefaultOutputPP=GPIO_MODE_OUTPUT_PP
PD15.Signal=GPIO_Input
ProjectManager.CustomerFirmwarePackage=
PC4.Mode=RMII
ADC1.Rank-4\#ChannelRegularConversion=1
RCC.PLLSAIQCLKFreq_Value=192000000
PE12.GPIO_PuPd=GPIO_PULLDOWN
PB7.GPIO_PuPd=GPIO_NOPULL
ETH.AutoNegotiation=ETH_AUTONEGOTIATION_DISABLE
PB5.GPIO_ModeDefaultOutputPP=GPIO_MODE_OUTPUT_PP
PD6.GPIOParameters=GPIO_Speed,PinState,GPIO_PuPd,GPIO_Label,GPIO_ModeDefaultOutputPP
PA0/WKUP.GPIOParameters=GPIO_Label
LWIP.MEMP_NUM_TCP_SEG=16
RCC.PLLQoutputFreq_Value=216000000
ProjectManager.ProjectFileName=ETHCTRLBLINDS.ioc
FREERTOS.Tasks01=defaultTask,24,128,StartDefaultTask,Default,NULL,Dynamic,NULL,NULL;mqttTask,27,512,StartmqttTask,As weak,NULL,Dynamic,NULL,NULL;scanInputTask,25,512,StartScanInputTask,As weak,NULL,Dynamic,NULL,NULL
Mcu.PinsNb=56
PD2.GPIO_PuPd=GPIO_NOPULL
PC11.Locked=true
ADC1.IPParameters=Rank-4\#ChannelRegularConversion,master,Channel-4\#ChannelRegularConversion,SamplingTime-4\#ChannelRegularConversion,NbrOfConversionFlag
PA9.GPIO_Label=DRB_USART1_TX
PB6.GPIO_PuPd=GPIO_NOPULL
FREERTOS.configCHECK_FOR_STACK_OVERFLOW=2
PD3.Signal=GPIO_Output
PE1.Mode=Asynchronous
PB8.GPIO_PuPd=GPIO_NOPULL
PC6.Signal=GPIO_Input
PD13.GPIOParameters=GPIO_PuPd,GPIO_Label
PD7.Signal=GPIO_Output
PD1.Signal=GPIO_Output
PC12.GPIO_ModeDefaultOutputPP=GPIO_MODE_OUTPUT_PP
PD1.GPIO_PuPd=GPIO_NOPULL
RCC.UART8Freq_Value=54000000
RCC.APB1CLKDivider=RCC_HCLK_DIV4
PC11.GPIOParameters=GPIO_Speed,PinState,GPIO_PuPd,GPIO_Label,GPIO_ModeDefaultOutputPP
PD1.GPIO_ModeDefaultOutputPP=GPIO_MODE_OUTPUT_PP
LWIP.LWIP_TCPIP_CORE_LOCKING=1
PD0.GPIO_Speed=GPIO_SPEED_FREQ_LOW
LWIP.DEFAULT_THREAD_STACKSIZE=128
ETH.IPParameters=MediaInterface,PHY_Name_RMII,AutoNegotiation,DuplexMode,PHY_User_Name
PD4.PinState=GPIO_PIN_RESET
PB8.GPIO_Label=OUT08DOWN
LWIP.PBUF_POOL_BUFSIZE=592
PB11.Mode=RMII
PC12.PinState=GPIO_PIN_RESET
LWIP.LWIP_TCPIP_TIMEOUT=1
Mcu.Pin51=PE0
RCC.USART6Freq_Value=108000000
Mcu.Pin52=PE1
Mcu.Pin50=PB9
Mcu.Pin55=VP_SYS_VS_tim1
Mcu.Pin53=VP_FREERTOS_VS_CMSIS_V2
Mcu.Pin54=VP_LWIP_VS_Enabled
PE8.GPIO_Label=IN02
PC6.Locked=true
PA9.Signal=USART1_TX
ETH.DuplexMode=ETH_MODE_FULLDUPLEX
PB5.Locked=true
PB9.Locked=true
PB4.GPIO_PuPd=GPIO_NOPULL
PC7.GPIO_PuPd=GPIO_PULLDOWN
PD7.Locked=true
PE9.GPIO_Label=IN03
Mcu.Pin48=PB7
Mcu.Pin49=PB8
Mcu.Pin46=PB5
Mcu.Pin47=PB6
PB10.Signal=GPIO_Input
Mcu.Pin40=PD3
PD7.PinState=GPIO_PIN_RESET
Mcu.Pin41=PD4
PE13.GPIOParameters=GPIO_PuPd,GPIO_Label
Mcu.Pin44=PD7
Mcu.Pin45=PB4
Mcu.Pin42=PD5
Mcu.Pin43=PD6
ProjectManager.LastFirmware=true
LWIP.MEMP_NUM_PBUF=64
LWIP.LWIP_DHCP_AUTOIP_COOP_TRIES=1
PA1.Mode=RMII
PE14.Signal=GPIO_Input
LWIP.MEMP_NUM_TCP_PCB=6
PE15.Signal=GPIO_Input
Mcu.Pin37=PD0
PB4.GPIO_Label=OUT06DOWN
Mcu.Pin38=PD1
Mcu.Pin35=PC11
RCC.I2C1Freq_Value=54000000
PE8.Signal=GPIO_Input
Mcu.Pin36=PC12
VP_SYS_VS_tim1.Signal=SYS_VS_tim1
RCC.PLLI2SPCLKFreq_Value=192000000
SH.ADCx_IN0.ConfNb=1
PD4.GPIO_Speed=GPIO_SPEED_FREQ_LOW
Mcu.Pin39=PD2
RCC.RNGFreq_Value=216000000
Mcu.Pin30=PC7
RCC.EthernetFreq_Value=216000000
PC9.GPIO_PuPd=GPIO_PULLDOWN
Mcu.Pin33=PA9
Mcu.Pin34=PA10
PA0/WKUP.GPIO_Label=Current_Meas
PE3.GPIO_PuPd=GPIO_NOPULL
Mcu.Pin31=PC8
Mcu.Pin32=PC9
NVIC.NonMaskableInt_IRQn=true\:0\:0\:false\:false\:true\:false\:false\:false
PC11.GPIO_ModeDefaultOutputPP=GPIO_MODE_OUTPUT_PP
PE7.Locked=true
LWIP.CMSIS_VERSION-Enabled=1
ProjectManager.FreePins=false
PC9.GPIOParameters=GPIO_PuPd,GPIO_Label
RCC.PLLI2SQCLKFreq_Value=192000000
Mcu.Pin26=PD13
Mcu.Pin27=PD14
Mcu.Pin24=PB13
ProjectManager.UnderRoot=true
PE13.Locked=true
Mcu.Pin25=PD12
CORTEX_M7.IPParameters=MPU_Control
Mcu.Pin28=PD15
PC7.GPIO_Label=IN16
Mcu.Pin29=PC6
PB4.Locked=true
PC8.GPIO_PuPd=GPIO_PULLDOWN
PD14.GPIOParameters=GPIO_PuPd,GPIO_Label
Mcu.Pin22=PB11
PB5.Signal=GPIO_Output
ETH.MediaInterface=ETH_MEDIA_INTERFACE_RMII
Mcu.Pin23=PB12
Mcu.Pin20=PE15
ADC1.master=1
PA3.Locked=true
PE13.GPIO_Label=IN07
Mcu.Pin21=PB10
NVIC.ForceEnableDMAVector=true
PB5.GPIO_PuPd=GPIO_NOPULL
NVIC.MemoryManagement_IRQn=true\:0\:0\:false\:false\:true\:false\:false\:false
PC12.GPIO_Label=OUT01UP
ProjectManager.CompilerOptimize=6
PB6.PinState=GPIO_PIN_RESET
PB9.PinState=GPIO_PIN_RESET
PD15.Locked=true
PD1.PinState=GPIO_PIN_RESET
ProjectManager.HeapSize=0x200
Mcu.Pin15=PE10
NVIC.HardFault_IRQn=true\:0\:0\:false\:false\:true\:false\:false\:false
Mcu.Pin16=PE11
LWIP.Version=v2.1.2_Cube
Mcu.Pin13=PE8
PD0.GPIO_PuPd=GPIO_NOPULL
Mcu.Pin14=PE9
Mcu.Pin19=PE14
NVIC.TIM1_UP_TIM10_IRQn=true\:0\:0\:false\:false\:true\:false\:false\:true
ProjectManager.ComputerToolchain=false
Mcu.Pin17=PE12
Mcu.Pin18=PE13
NVIC.PriorityGroup=NVIC_PRIORITYGROUP_4
Mcu.Pin11=PC5
Mcu.Pin12=PE7
PD0.GPIOParameters=GPIO_Speed,PinState,GPIO_PuPd,GPIO_Label,GPIO_ModeDefaultOutputPP
Mcu.Pin10=PC4
LWIP.LWIP_TCPIP_CORE_LOCKING_INPUT=0
PE3.Signal=GPIO_Output
PE2.Locked=true
PD5.GPIO_ModeDefaultOutputPP=GPIO_MODE_OUTPUT_PP
PE12.GPIOParameters=GPIO_PuPd,GPIO_Label
PD2.Signal=GPIO_Output
PB6.GPIO_Speed=GPIO_SPEED_FREQ_LOW
RCC.I2C2Freq_Value=54000000
PD1.Locked=true
PC1.Signal=ETH_MDC
PD7.GPIOParameters=GPIO_Speed,PinState,GPIO_PuPd,GPIO_Label,GPIO_ModeDefaultOutputPP
PD2.GPIO_Label=OUT03DOWN
LWIP.LWIP_HTTPD_ABORT_ON_CLOSE_MEM_ERROR=1
PC1.Mode=RMII
Mcu.Family=STM32F7
ProjectManager.MainLocation=Core/Src
PE7.GPIO_PuPd=GPIO_PULLDOWN
RCC.SAI1Freq_Value=192000000
RCC.CortexFreq_Value=216000000
PD2.GPIO_ModeDefaultOutputPP=GPIO_MODE_OUTPUT_PP
ProjectManager.KeepUserCode=true
Mcu.UserName=STM32F746VGTx
PE11.GPIO_Label=IN05
LWIP.MEM_SANITY_CHECK=1
ProjectManager.functionlistsort=1-MX_GPIO_Init-GPIO-false-HAL-true,2-SystemClock_Config-RCC-false-HAL-false,3-MX_ADC1_Init-ADC1-false-HAL-true,4-MX_UART8_Init-UART8-false-HAL-true,5-MX_USART1_UART_Init-USART1-false-HAL-true,6-MX_LWIP_Init-LWIP-false-HAL-false,0-MX_CORTEX_M7_Init-CORTEX_M7-false-HAL-true
PA9.GPIOParameters=GPIO_Label
PD0.GPIO_Label=OUT02DOWN
PA0/WKUP.Signal=ADCx_IN0
PC9.Locked=true
PD2.GPIO_Speed=GPIO_SPEED_FREQ_LOW
PD6.Locked=true
RCC.PLLI2SRCLKFreq_Value=192000000
RCC.USART2Freq_Value=54000000
PD2.Locked=true
PB11.Signal=ETH_TX_EN
ProjectManager.StackSize=0x400
PB5.GPIOParameters=GPIO_Speed,PinState,GPIO_PuPd,GPIO_Label,GPIO_ModeDefaultOutputPP
VP_FREERTOS_VS_CMSIS_V2.Mode=CMSIS_V2
RCC.I2C3Freq_Value=54000000
PD13.Signal=GPIO_Input
Mcu.IP4=LWIP
Mcu.IP5=NVIC
RCC.FCLKCortexFreq_Value=216000000
PD13.Locked=true
Mcu.IP2=ETH
Mcu.IP3=FREERTOS
PC11.GPIO_PuPd=GPIO_NOPULL
PB4.GPIOParameters=GPIO_Speed,PinState,GPIO_PuPd,GPIO_Label,GPIO_ModeDefaultOutputPP
Mcu.IP0=ADC1
Mcu.IP1=CORTEX_M7
Mcu.UserConstants=MQTT_REQ_MAX_IN_FLIGHT,70;LWIP_NUM_NETIF_CLIENT_DATA,1
RCC.SDMMCFreq_Value=216000000
PE11.GPIO_PuPd=GPIO_PULLDOWN
Mcu.ThirdPartyNb=0
FREERTOS.configUSE_STATS_FORMATTING_FUNCTIONS=1
PH0/OSC_IN.Mode=HSE-External-Oscillator
RCC.HCLKFreq_Value=216000000
Mcu.IPNb=10
RCC.PLLI2SRoutputFreq_Value=192000000
ProjectManager.PreviousToolchain=STM32CubeIDE
RCC.SPDIFRXFreq_Value=192000000
PB5.PinState=GPIO_PIN_RESET
FREERTOS.configUSE_MALLOC_FAILED_HOOK=1
Mcu.Pin6=PA1
Mcu.Pin7=PA2
Mcu.Pin8=PA3
Mcu.Pin9=PA7
RCC.VCOSAIOutputFreq_Value=384000000
FREERTOS.IPParameters=Tasks01,HEAP_NUMBER,configUSE_MALLOC_FAILED_HOOK,configCHECK_FOR_STACK_OVERFLOW,FootprintOK,configTOTAL_HEAP_SIZE,configRECORD_STACK_HIGH_ADDRESS,configMINIMAL_STACK_SIZE,configENABLE_BACKWARD_COMPATIBILITY,configGENERATE_RUN_TIME_STATS,configUSE_STATS_FORMATTING_FUNCTIONS,INCLUDE_vTaskPrioritySet
RCC.AHBFreq_Value=216000000
PE3.PinState=GPIO_PIN_RESET
Mcu.Pin0=PE2
Mcu.Pin1=PE3
NVIC.ETH_IRQn=true\:5\:0\:false\:false\:true\:true\:false\:true
GPIO.groupedBy=Group By Peripherals
Mcu.Pin2=PH0/OSC_IN
Mcu.Pin3=PH1/OSC_OUT
Mcu.Pin4=PC1
Mcu.Pin5=PA0/WKUP
RCC.HSE_VALUE=12000000
NVIC.DebugMonitor_IRQn=true\:0\:0\:false\:false\:true\:false\:false\:false
NVIC.SysTick_IRQn=true\:15\:0\:false\:false\:false\:true\:false\:true
PE13.GPIO_PuPd=GPIO_PULLDOWN
FREERTOS.configENABLE_BACKWARD_COMPATIBILITY=0
PD7.GPIO_Speed=GPIO_SPEED_FREQ_LOW
LWIP.SLIPIF_THREAD_STACKSIZE=128
ADC1.SamplingTime-4\#ChannelRegularConversion=ADC_SAMPLETIME_3CYCLES
PE13.Signal=GPIO_Input
RCC.VCOInputFreq_Value=2000000
PD0.PinState=GPIO_PIN_RESET
PE8.Locked=true
VP_SYS_VS_tim1.Mode=TIM1
PC11.GPIO_Label=OUT01DOWN
File.Version=6
PA10.GPIO_Label=DRB_USART1_RX
PE3.GPIOParameters=PinState,GPIO_PuPd,GPIO_Label
PD6.PinState=GPIO_PIN_RESET
PE3.Locked=true
PB7.Signal=GPIO_Output
PB8.Locked=true
SH.ADCx_IN0.0=ADC1_IN0,IN0
LWIP.LWIP_HTTPD_CGI=1
PH1/OSC_OUT.Mode=HSE-External-Oscillator
PB6.GPIOParameters=GPIO_Speed,PinState,GPIO_PuPd,GPIO_Label,GPIO_ModeDefaultOutputPP
FREERTOS.configTOTAL_HEAP_SIZE=30720
ProjectManager.ProjectName=ETHCTRLBLINDS
PD7.GPIO_Label=OUT05UP
LWIP.MEMP_SANITY_CHECK=1
PB7.GPIO_Label=OUT07UP
PD13.GPIO_Label=IN12
PB12.Mode=RMII
PD5.GPIO_Label=OUT04UP
ProjectManager.ToolChainLocation=
PD14.Locked=true
PD15.GPIO_PuPd=GPIO_PULLDOWN
RCC.LSI_VALUE=32000
PB8.GPIO_ModeDefaultOutputPP=GPIO_MODE_OUTPUT_PP
PB9.GPIO_Speed=GPIO_SPEED_FREQ_LOW
LWIP.LWIP_MDNS=0
PB5.GPIO_Label=OUT06UP
PC5.Signal=ETH_RXD1
PD3.GPIO_Label=OUT03UP
PE7.Signal=GPIO_Input
PD6.Signal=GPIO_Output
PB4.PinState=GPIO_PIN_RESET
LWIP.PBUF_POOL_SIZE=64
PE2.GPIO_Label=LED_YELLOW
PE12.Locked=true
VP_LWIP_VS_Enabled.Signal=LWIP_VS_Enabled
PB4.Signal=GPIO_Output
PB4.GPIO_ModeDefaultOutputPP=GPIO_MODE_OUTPUT_PP
PA3.Signal=GPIO_Output
PB7.GPIO_Speed=GPIO_SPEED_FREQ_LOW
LWIP.LWIP_NETIF_HOSTNAME=1
RCC.I2SFreq_Value=192000000
PE8.GPIOParameters=GPIO_PuPd,GPIO_Label
PD15.GPIO_Label=IN14
PB8.GPIOParameters=GPIO_Speed,PinState,GPIO_PuPd,GPIO_Label,GPIO_ModeDefaultOutputPP
PA7.Mode=RMII
RCC.UART7Freq_Value=54000000
ETH.PHY_User_Name=KSZ8081
PE14.GPIOParameters=GPIO_PuPd,GPIO_Label
PB9.GPIO_Label=OUT08UP
ADC1.Channel-4\#ChannelRegularConversion=ADC_CHANNEL_0
PA10.Mode=Asynchronous
PC9.GPIO_Label=IN18
ProjectManager.NoMain=false
PE2.PinState=GPIO_PIN_SET
NVIC.SavedSvcallIrqHandlerGenerated=true
PC11.Signal=GPIO_Output
PC8.Signal=GPIO_Input
LWIP.MEM_OVERFLOW_CHECK=2
PC4.Signal=ETH_RXD0
ProjectManager.DefaultFWLocation=true
PE14.GPIO_Label=IN08
PD5.Signal=GPIO_Output
LWIP.LWIP_HTTPD_MAX_TAG_NAME_LEN=10
ProjectManager.DeletePrevious=true
PB10.Locked=true
RCC.LCDTFToutputFreq_Value=96000000
RCC.FamilyName=M
VP_LWIP_VS_Enabled.Mode=Enabled
LWIP.LWIP_DNS=0
PB9.GPIOParameters=GPIO_Speed,PinState,GPIO_PuPd,GPIO_Label,GPIO_ModeDefaultOutputPP
PE15.GPIOParameters=GPIO_PuPd,GPIO_Label
PE9.GPIOParameters=GPIO_PuPd,GPIO_Label
PD12.Locked=true
PC8.GPIO_Label=IN17
PC12.GPIOParameters=GPIO_Speed,PinState,GPIO_PuPd,GPIO_Label,GPIO_ModeDefaultOutputPP
LWIP.MEMP_NUM_UDP_PCB=5
USART1.VirtualMode-Asynchronous=VM_ASYNC
CORTEX_M7.MPU_Control=__NULL
PD4.GPIO_PuPd=GPIO_NOPULL
PA9.Mode=Asynchronous
PE15.GPIO_Label=IN09
ETH.PHY_Name_RMII=userPHY
PD12.GPIOParameters=GPIO_PuPd,GPIO_Label
FREERTOS.configRECORD_STACK_HIGH_ADDRESS=1
ProjectManager.TargetToolchain=STM32CubeIDE
PB10.GPIO_Label=IN10
PE7.GPIOParameters=GPIO_PuPd,GPIO_Label
PB7.GPIOParameters=GPIO_Speed,PinState,GPIO_PuPd,GPIO_Label,GPIO_ModeDefaultOutputPP
LWIP.TCPIP_THREAD_STACKSIZE=2048
PE2.GPIOParameters=PinState,GPIO_Label
ProjectManager.RegisterCallBack=
RCC.USBFreq_Value=216000000
RCC.PLLSAIoutputFreq_Value=192000000
PE11.Signal=GPIO_Input
RCC.LSE_VALUE=32768
PD3.Locked=true
PA1.Signal=ETH_REF_CLK
RCC.VCOI2SOutputFreq_Value=384000000
PD2.PinState=GPIO_PIN_RESET
RCC.PLLSAIPCLKFreq_Value=192000000
board=custom
RCC.VCOOutputFreq_Value=432000000
PH0/OSC_IN.Signal=RCC_OSC_IN
PB4.GPIO_Speed=GPIO_SPEED_FREQ_LOW
NVIC.SavedSystickIrqHandlerGenerated=true
RCC.APB2Freq_Value=108000000
RCC.UART4Freq_Value=54000000
PC11.PinState=GPIO_PIN_RESET
MxCube.Version=6.2.1
PD4.GPIO_Label=OUT04DOWN
PB7.GPIO_ModeDefaultOutputPP=GPIO_MODE_OUTPUT_PP
PA10.GPIOParameters=GPIO_Label
PD4.GPIOParameters=GPIO_Speed,PinState,GPIO_PuPd,GPIO_Label,GPIO_ModeDefaultOutputPP
PD13.GPIO_PuPd=GPIO_PULLDOWN
PD5.GPIO_PuPd=GPIO_NOPULL
PD14.GPIO_Label=IN13
PE14.GPIO_PuPd=GPIO_PULLDOWN
PD5.PinState=GPIO_PIN_RESET
RCC.UART5Freq_Value=54000000
RCC.IPParameters=AHBFreq_Value,APB1CLKDivider,APB1Freq_Value,APB1TimFreq_Value,APB2CLKDivider,APB2Freq_Value,APB2TimFreq_Value,CECFreq_Value,CortexFreq_Value,EthernetFreq_Value,FCLKCortexFreq_Value,FamilyName,HCLKFreq_Value,HSE_VALUE,HSI_VALUE,I2C1Freq_Value,I2C2Freq_Value,I2C3Freq_Value,I2C4Freq_Value,I2SFreq_Value,LCDTFToutputFreq_Value,LPTIM1Freq_Value,LSE_VALUE,LSI_VALUE,MCO2PinFreq_Value,PLLCLKFreq_Value,PLLI2SPCLKFreq_Value,PLLI2SQCLKFreq_Value,PLLI2SRCLKFreq_Value,PLLI2SRoutputFreq_Value,PLLM,PLLN,PLLQCLKFreq_Value,PLLQoutputFreq_Value,PLLSAIPCLKFreq_Value,PLLSAIQCLKFreq_Value,PLLSAIRCLKFreq_Value,PLLSAIoutputFreq_Value,RNGFreq_Value,SAI1Freq_Value,SAI2Freq_Value,SDMMCFreq_Value,SPDIFRXFreq_Value,SYSCLKFreq_VALUE,SYSCLKSource,UART4Freq_Value,UART5Freq_Value,UART7Freq_Value,UART8Freq_Value,USART1Freq_Value,USART2Freq_Value,USART3Freq_Value,USART6Freq_Value,USBFreq_Value,VCOI2SOutputFreq_Value,VCOInputFreq_Value,VCOOutputFreq_Value,VCOSAIOutputFreq_Value
PE11.Locked=true
ProjectManager.AskForMigrate=true
Mcu.Name=STM32F746VGTx
PE0.Signal=UART8_RX
PE7.GPIO_Label=IN01
PE12.Signal=GPIO_Input
LWIP.LWIP_SINGLE_NETIF=1
NVIC.SavedPendsvIrqHandlerGenerated=true
PA2.Signal=ETH_MDIO
Mcu.IP8=UART8
VP_FREERTOS_VS_CMSIS_V2.Signal=FREERTOS_VS_CMSIS_V2
Mcu.IP9=USART1
PD14.Signal=GPIO_Input
Mcu.IP6=RCC
Mcu.IP7=SYS
ProjectManager.CoupleFile=false
RCC.SYSCLKFreq_VALUE=216000000
LWIP.LWIP_NETIF_STATUS_CALLBACK=1
KeepUserPlacement=false
PE15.GPIO_PuPd=GPIO_PULLDOWN
PC6.GPIOParameters=GPIO_PuPd,GPIO_Label
PD3.GPIO_ModeDefaultOutputPP=GPIO_MODE_OUTPUT_PP
RCC.HSI_VALUE=16000000
ADC1.NbrOfConversionFlag=1
RCC.PLLM=8
RCC.PLLN=216
LWIP.LWIP_AUTOIP=1
PB7.Locked=true
PA2.Mode=RMII
PB8.Signal=GPIO_Output
PE3.GPIO_Label=LED_RED
PC8.Locked=true
PC9.Signal=GPIO_Input
RCC.APB1Freq_Value=54000000
PB8.GPIO_Speed=GPIO_SPEED_FREQ_LOW
PC12.GPIO_Speed=GPIO_SPEED_FREQ_LOW
PD6.GPIO_Speed=GPIO_SPEED_FREQ_LOW
PD7.GPIO_ModeDefaultOutputPP=GPIO_MODE_OUTPUT_PP
ProjectManager.DeviceId=STM32F746VGTx
LWIP.LWIP_DHCP_AUTOIP_COOP=1
PB12.Signal=ETH_TXD0
PE0.Mode=Asynchronous
ProjectManager.LibraryCopy=1
PD12.GPIO_PuPd=GPIO_PULLDOWN
PA3.GPIO_Label=DRB_USART1_DIR
PD6.GPIO_PuPd=GPIO_NOPULL
PA7.Signal=ETH_CRS_DV
PE9.GPIO_PuPd=GPIO_PULLDOWN
isbadioc=false
